
Microsoft Visual Studio Solution File, Format Version 12.00
# Visual Studio Version 17
VisualStudioVersion = 17.7.34202.233
MinimumVisualStudioVersion = 10.0.40219.1
Project("{FAE04EC0-301F-11D3-BF4B-00C04F79EFBC}") = "PenguinPantry", "PenguinPantry.csproj", "{8850534C-1E1B-4A87-9025-BA0FC72D7873}"
EndProject
Global
	GlobalSection(SolutionConfigurationPlatforms) = preSolution
		Debug|Any CPU = Debug|Any CPU
		Release|Any CPU = Release|Any CPU
	EndGlobalSection
	GlobalSection(ProjectConfigurationPlatforms) = postSolution
		{8850534C-1E1B-4A87-9025-BA0FC72D7873}.Debug|Any CPU.ActiveCfg = Debug|Any CPU
		{8850534C-1E1B-4A87-9025-BA0FC72D7873}.Debug|Any CPU.Build.0 = Debug|Any CPU
		{8850534C-1E1B-4A87-9025-BA0FC72D7873}.Debug|Any CPU.Deploy.0 = Debug|Any CPU
		{8850534C-1E1B-4A87-9025-BA0FC72D7873}.Release|Any CPU.ActiveCfg = Release|Any CPU
		{8850534C-1E1B-4A87-9025-BA0FC72D7873}.Release|Any CPU.Build.0 = Release|Any CPU
		{8850534C-1E1B-4A87-9025-BA0FC72D7873}.Release|Any CPU.Deploy.0 = Release|Any CPU
	EndGlobalSection
	GlobalSection(SolutionProperties) = preSolution
		HideSolutionNode = FALSE
	EndGlobalSection
	GlobalSection(ExtensibilityGlobals) = postSolution
		SolutionGuid = {9555308F-64E5-4833-A07A-9021F327D390}
	EndGlobalSection
EndGlobal
